
Microsoft Visual Studio Solution File, Format Version 12.00
Project("{2150E333-8FDC-42A3-9474-1A3956D46DE8}") = "Src", "Src", "{0ACA4A76-4FE1-4BB3-B37E-A9A5B882D0BC}"
EndProject
Project("{2150E333-8FDC-42A3-9474-1A3956D46DE8}") = "Test", "Test", "{3C01C996-E5CD-4DFA-BAA7-69574430C80E}"
EndProject
Project("{2150E333-8FDC-42A3-9474-1A3956D46DE8}") = "Solution Items", "Solution Items", "{BC3F0AF8-A5B7-451D-A01A-E39152E02666}"
	ProjectSection(SolutionItems) = preProject
		compose.yaml = compose.yaml
	EndProjectSection
EndProject
Project("{FAE04EC0-301F-11D3-BF4B-00C04F79EFBC}") = "Application", "Application\Application.csproj", "{AE6E33BC-45FA-4028-9CC4-CFEDD32C2235}"
EndProject
Project("{FAE04EC0-301F-11D3-BF4B-00C04F79EFBC}") = "Domain", "Domain\Domain.csproj", "{C927745A-34AB-498A-940B-FF53D6049D34}"
EndProject
Project("{FAE04EC0-301F-11D3-BF4B-00C04F79EFBC}") = "Infrastructure", "Infrastructure\Infrastructure.csproj", "{57B28660-3E6F-4ECB-9821-A2BFEFF28D5A}"
EndProject
Project("{FAE04EC0-301F-11D3-BF4B-00C04F79EFBC}") = "Shared", "Shared\Shared.csproj", "{F5115CD3-7C2E-45EC-AAE4-2EF6A499CB70}"
EndProject
Project("{FAE04EC0-301F-11D3-BF4B-00C04F79EFBC}") = "WebApplication1", "WebApplication1\WebApplication1.csproj", "{DC6E002B-B0DD-4912-8492-A54CD631FB0E}"
EndProject
Project("{FAE04EC0-301F-11D3-BF4B-00C04F79EFBC}") = "Contracts", "Contracts\Contracts.csproj", "{D60DD0C3-01A5-4989-B1A9-831A4DE60A9B}"
EndProject
Project("{FAE04EC0-301F-11D3-BF4B-00C04F79EFBC}") = "Behaviors", "Behaviors\Behaviors.csproj", "{925B804E-A2AF-4867-BB45-A3366589B60D}"
EndProject
Project("{FAE04EC0-301F-11D3-BF4B-00C04F79EFBC}") = "WebApplication2", "WebApplication2\WebApplication2.csproj", "{EABC757A-077F-41CD-AF52-12FD169E5CD4}"
EndProject
Project("{FAE04EC0-301F-11D3-BF4B-00C04F79EFBC}") = "Adapter", "Adapter\Adapter.csproj", "{E1A21A06-3D61-406C-8DBF-2049249E2282}"
EndProject
Project("{2150E333-8FDC-42A3-9474-1A3956D46DE8}") = "Resources", "Resources", "{A6B0B011-DEED-41CC-98DA-EDB1B97F9A0C}"
EndProject
Project("{FAE04EC0-301F-11D3-BF4B-00C04F79EFBC}") = "Unit", "Unit\Unit.csproj", "{0529C945-6547-4163-BE8D-19CC60A1FFF7}"
EndProject
Project("{FAE04EC0-301F-11D3-BF4B-00C04F79EFBC}") = "Scheduler", "Scheduler\Scheduler.csproj", "{57B6C44D-F610-44F4-8167-8CE8D243B30C}"
EndProject
Global
	GlobalSection(SolutionConfigurationPlatforms) = preSolution
		Debug|Any CPU = Debug|Any CPU
		Release|Any CPU = Release|Any CPU
	EndGlobalSection
	GlobalSection(NestedProjects) = preSolution
		{AE6E33BC-45FA-4028-9CC4-CFEDD32C2235} = {0ACA4A76-4FE1-4BB3-B37E-A9A5B882D0BC}
		{C927745A-34AB-498A-940B-FF53D6049D34} = {0ACA4A76-4FE1-4BB3-B37E-A9A5B882D0BC}
		{57B28660-3E6F-4ECB-9821-A2BFEFF28D5A} = {0ACA4A76-4FE1-4BB3-B37E-A9A5B882D0BC}
		{F5115CD3-7C2E-45EC-AAE4-2EF6A499CB70} = {0ACA4A76-4FE1-4BB3-B37E-A9A5B882D0BC}
		{DC6E002B-B0DD-4912-8492-A54CD631FB0E} = {0ACA4A76-4FE1-4BB3-B37E-A9A5B882D0BC}
		{D60DD0C3-01A5-4989-B1A9-831A4DE60A9B} = {0ACA4A76-4FE1-4BB3-B37E-A9A5B882D0BC}
		{925B804E-A2AF-4867-BB45-A3366589B60D} = {0ACA4A76-4FE1-4BB3-B37E-A9A5B882D0BC}
		{EABC757A-077F-41CD-AF52-12FD169E5CD4} = {0ACA4A76-4FE1-4BB3-B37E-A9A5B882D0BC}
		{E1A21A06-3D61-406C-8DBF-2049249E2282} = {0ACA4A76-4FE1-4BB3-B37E-A9A5B882D0BC}
		{A6B0B011-DEED-41CC-98DA-EDB1B97F9A0C} = {0ACA4A76-4FE1-4BB3-B37E-A9A5B882D0BC}
		{0529C945-6547-4163-BE8D-19CC60A1FFF7} = {3C01C996-E5CD-4DFA-BAA7-69574430C80E}
		{57B6C44D-F610-44F4-8167-8CE8D243B30C} = {0ACA4A76-4FE1-4BB3-B37E-A9A5B882D0BC}
	EndGlobalSection
	GlobalSection(ProjectConfigurationPlatforms) = postSolution
		{AE6E33BC-45FA-4028-9CC4-CFEDD32C2235}.Debug|Any CPU.ActiveCfg = Debug|Any CPU
		{AE6E33BC-45FA-4028-9CC4-CFEDD32C2235}.Debug|Any CPU.Build.0 = Debug|Any CPU
		{AE6E33BC-45FA-4028-9CC4-CFEDD32C2235}.Release|Any CPU.ActiveCfg = Release|Any CPU
		{AE6E33BC-45FA-4028-9CC4-CFEDD32C2235}.Release|Any CPU.Build.0 = Release|Any CPU
		{C927745A-34AB-498A-940B-FF53D6049D34}.Debug|Any CPU.ActiveCfg = Debug|Any CPU
		{C927745A-34AB-498A-940B-FF53D6049D34}.Debug|Any CPU.Build.0 = Debug|Any CPU
		{C927745A-34AB-498A-940B-FF53D6049D34}.Release|Any CPU.ActiveCfg = Release|Any CPU
		{C927745A-34AB-498A-940B-FF53D6049D34}.Release|Any CPU.Build.0 = Release|Any CPU
		{57B28660-3E6F-4ECB-9821-A2BFEFF28D5A}.Debug|Any CPU.ActiveCfg = Debug|Any CPU
		{57B28660-3E6F-4ECB-9821-A2BFEFF28D5A}.Debug|Any CPU.Build.0 = Debug|Any CPU
		{57B28660-3E6F-4ECB-9821-A2BFEFF28D5A}.Release|Any CPU.ActiveCfg = Release|Any CPU
		{57B28660-3E6F-4ECB-9821-A2BFEFF28D5A}.Release|Any CPU.Build.0 = Release|Any CPU
		{F5115CD3-7C2E-45EC-AAE4-2EF6A499CB70}.Debug|Any CPU.ActiveCfg = Debug|Any CPU
		{F5115CD3-7C2E-45EC-AAE4-2EF6A499CB70}.Debug|Any CPU.Build.0 = Debug|Any CPU
		{F5115CD3-7C2E-45EC-AAE4-2EF6A499CB70}.Release|Any CPU.ActiveCfg = Release|Any CPU
		{F5115CD3-7C2E-45EC-AAE4-2EF6A499CB70}.Release|Any CPU.Build.0 = Release|Any CPU
		{DC6E002B-B0DD-4912-8492-A54CD631FB0E}.Debug|Any CPU.ActiveCfg = Debug|Any CPU
		{DC6E002B-B0DD-4912-8492-A54CD631FB0E}.Debug|Any CPU.Build.0 = Debug|Any CPU
		{DC6E002B-B0DD-4912-8492-A54CD631FB0E}.Release|Any CPU.ActiveCfg = Release|Any CPU
		{DC6E002B-B0DD-4912-8492-A54CD631FB0E}.Release|Any CPU.Build.0 = Release|Any CPU
		{D60DD0C3-01A5-4989-B1A9-831A4DE60A9B}.Debug|Any CPU.ActiveCfg = Debug|Any CPU
		{D60DD0C3-01A5-4989-B1A9-831A4DE60A9B}.Debug|Any CPU.Build.0 = Debug|Any CPU
		{D60DD0C3-01A5-4989-B1A9-831A4DE60A9B}.Release|Any CPU.ActiveCfg = Release|Any CPU
		{D60DD0C3-01A5-4989-B1A9-831A4DE60A9B}.Release|Any CPU.Build.0 = Release|Any CPU
		{925B804E-A2AF-4867-BB45-A3366589B60D}.Debug|Any CPU.ActiveCfg = Debug|Any CPU
		{925B804E-A2AF-4867-BB45-A3366589B60D}.Debug|Any CPU.Build.0 = Debug|Any CPU
		{925B804E-A2AF-4867-BB45-A3366589B60D}.Release|Any CPU.ActiveCfg = Release|Any CPU
		{925B804E-A2AF-4867-BB45-A3366589B60D}.Release|Any CPU.Build.0 = Release|Any CPU
		{EABC757A-077F-41CD-AF52-12FD169E5CD4}.Debug|Any CPU.ActiveCfg = Debug|Any CPU
		{EABC757A-077F-41CD-AF52-12FD169E5CD4}.Debug|Any CPU.Build.0 = Debug|Any CPU
		{EABC757A-077F-41CD-AF52-12FD169E5CD4}.Release|Any CPU.ActiveCfg = Release|Any CPU
		{EABC757A-077F-41CD-AF52-12FD169E5CD4}.Release|Any CPU.Build.0 = Release|Any CPU
		{E1A21A06-3D61-406C-8DBF-2049249E2282}.Debug|Any CPU.ActiveCfg = Debug|Any CPU
		{E1A21A06-3D61-406C-8DBF-2049249E2282}.Debug|Any CPU.Build.0 = Debug|Any CPU
		{E1A21A06-3D61-406C-8DBF-2049249E2282}.Release|Any CPU.ActiveCfg = Release|Any CPU
		{E1A21A06-3D61-406C-8DBF-2049249E2282}.Release|Any CPU.Build.0 = Release|Any CPU
		{0529C945-6547-4163-BE8D-19CC60A1FFF7}.Debug|Any CPU.ActiveCfg = Debug|Any CPU
		{0529C945-6547-4163-BE8D-19CC60A1FFF7}.Debug|Any CPU.Build.0 = Debug|Any CPU
		{0529C945-6547-4163-BE8D-19CC60A1FFF7}.Release|Any CPU.ActiveCfg = Release|Any CPU
		{0529C945-6547-4163-BE8D-19CC60A1FFF7}.Release|Any CPU.Build.0 = Release|Any CPU
		{57B6C44D-F610-44F4-8167-8CE8D243B30C}.Debug|Any CPU.ActiveCfg = Debug|Any CPU
		{57B6C44D-F610-44F4-8167-8CE8D243B30C}.Debug|Any CPU.Build.0 = Debug|Any CPU
		{57B6C44D-F610-44F4-8167-8CE8D243B30C}.Release|Any CPU.ActiveCfg = Release|Any CPU
		{57B6C44D-F610-44F4-8167-8CE8D243B30C}.Release|Any CPU.Build.0 = Release|Any CPU
	EndGlobalSection
EndGlobal
