
Microsoft Visual Studio Solution File, Format Version 12.00
# Visual Studio Version 17
VisualStudioVersion = 17.14.36511.14
MinimumVisualStudioVersion = 10.0.40219.1
Project("{2150E333-8FDC-42A3-9474-1A3956D46DE8}") = "Src", "Src", "{F8D02502-E39F-4083-BC8E-64511F2E7B1B}"
EndProject
Project("{2150E333-8FDC-42A3-9474-1A3956D46DE8}") = "Test", "Test", "{0513EBFF-70C8-4667-B675-3C3D1F5325AF}"
EndProject
Project("{FAE04EC0-301F-11D3-BF4B-00C04F79EFBC}") = "SharedKernel", "SharedKernel\SharedKernel.csproj", "{0223093A-0E67-4896-AA41-CAB6765DC748}"
EndProject
Project("{FAE04EC0-301F-11D3-BF4B-00C04F79EFBC}") = "Domain.Core", "Domain.Core\Domain.Core.csproj", "{CFBF103F-A847-4A4E-8156-5009C2BF89EB}"
EndProject
Project("{FAE04EC0-301F-11D3-BF4B-00C04F79EFBC}") = "Domain.Identity", "Domain.Identity\Domain.Identity.csproj", "{95AF2FBB-0DF8-4F6E-B94C-CE16DC4E713E}"
EndProject
Project("{FAE04EC0-301F-11D3-BF4B-00C04F79EFBC}") = "Shared", "Shared\Shared.csproj", "{31D6B587-A571-48C7-A9F4-A45A144DE355}"
EndProject
Project("{FAE04EC0-301F-11D3-BF4B-00C04F79EFBC}") = "Adapter.Driving.ResourceServer", "Adapter.Driving.ResourceServer\Adapter.Driving.ResourceServer.csproj", "{BDEE2949-8CDE-4287-B0DA-C14AA0CF1AD1}"
EndProject
Project("{FAE04EC0-301F-11D3-BF4B-00C04F79EFBC}") = "Adapter.Driving.AuthenticationServer", "Adapter.Driving.AuthenticationServer\Adapter.Driving.AuthenticationServer.csproj", "{8CE1461C-F211-4364-B74D-5FA93C884E01}"
EndProject
Project("{FAE04EC0-301F-11D3-BF4B-00C04F79EFBC}") = "Port.Driving.Shared", "Port.Driving.Shared\Port.Driving.Shared.csproj", "{C0B54CD1-9DFA-4066-AAA8-7DA428D42369}"
EndProject
Project("{FAE04EC0-301F-11D3-BF4B-00C04F79EFBC}") = "Port.Driven.Shared", "Port.Driven.Shared\Port.Driven.Shared.csproj", "{D3CF896A-D653-41C7-9F86-E207DD011102}"
EndProject
Project("{2150E333-8FDC-42A3-9474-1A3956D46DE8}") = "Adapters", "Adapters", "{1B1D18F3-42F9-411C-B711-10477958802D}"
EndProject
Project("{FAE04EC0-301F-11D3-BF4B-00C04F79EFBC}") = "Adapter.Driven.EFCore", "Adapter.Driven.EFCore\Adapter.Driven.EFCore.csproj", "{A69F328B-8952-4E88-A512-690E7D2BCCC0}"
EndProject
Project("{2150E333-8FDC-42A3-9474-1A3956D46DE8}") = "Driven", "Driven", "{A169CA4B-90F2-4924-806E-5073D4D69995}"
EndProject
Project("{2150E333-8FDC-42A3-9474-1A3956D46DE8}") = "Driving", "Driving", "{D7EFA80A-B491-47C4-A79A-278EAFEDA8E2}"
EndProject
Project("{2150E333-8FDC-42A3-9474-1A3956D46DE8}") = "Domains", "Domains", "{85453343-FEB3-414E-B5C1-BDFB147D11BC}"
EndProject
Project("{2150E333-8FDC-42A3-9474-1A3956D46DE8}") = "Ports", "Ports", "{D09DF38C-7889-4926-899D-E5113AE34825}"
EndProject
Project("{FAE04EC0-301F-11D3-BF4B-00C04F79EFBC}") = "Adapter.Driven.MediatR", "Adapter.Driven.MediatR\Adapter.Driven.MediatR.csproj", "{98C75BEE-63AB-409B-8829-35A628CB2F9C}"
EndProject
Project("{FAE04EC0-301F-11D3-BF4B-00C04F79EFBC}") = "Adapter.Driven.NHibernate", "Adapter.Driven.NHibernate\Adapter.Driven.NHibernate.csproj", "{DB38EBA1-DA22-4E58-9F13-C9260AD4148F}"
EndProject
Project("{2150E333-8FDC-42A3-9474-1A3956D46DE8}") = "Driven", "Driven", "{061A4384-56F5-48D6-8B87-32D673545483}"
EndProject
Project("{2150E333-8FDC-42A3-9474-1A3956D46DE8}") = "Driving", "Driving", "{38EEEB4B-4C34-4A78-B027-883E3C44A6F7}"
EndProject
Project("{FAE04EC0-301F-11D3-BF4B-00C04F79EFBC}") = "Port.Driven.EFCore", "Port.Driven.EFCore\Port.Driven.EFCore.csproj", "{E6963A33-7A58-4EF5-BAC9-DD370D607952}"
EndProject
Project("{FAE04EC0-301F-11D3-BF4B-00C04F79EFBC}") = "Port.Driven.NHibernate", "Port.Driven.NHibernate\Port.Driven.NHibernate.csproj", "{B78AB4A4-B9C3-4342-AA13-18DB96E9B2F1}"
EndProject
Project("{FAE04EC0-301F-11D3-BF4B-00C04F79EFBC}") = "Adapter.Driving.Web", "Adapter.Driving.Web\Adapter.Driving.Web.csproj", "{59574114-E006-406B-8BB7-B5B78E937751}"
EndProject
Project("{2150E333-8FDC-42A3-9474-1A3956D46DE8}") = "Solution Items", "Solution Items", "{02EA681E-C7D8-13C7-8484-4AC65E1B71E8}"
	ProjectSection(SolutionItems) = preProject
		.editorconfig = .editorconfig
		command.txt = command.txt
	EndProjectSection
EndProject
Global
	GlobalSection(SolutionConfigurationPlatforms) = preSolution
		Debug|Any CPU = Debug|Any CPU
		Release|Any CPU = Release|Any CPU
	EndGlobalSection
	GlobalSection(ProjectConfigurationPlatforms) = postSolution
		{0223093A-0E67-4896-AA41-CAB6765DC748}.Debug|Any CPU.ActiveCfg = Debug|Any CPU
		{0223093A-0E67-4896-AA41-CAB6765DC748}.Debug|Any CPU.Build.0 = Debug|Any CPU
		{0223093A-0E67-4896-AA41-CAB6765DC748}.Release|Any CPU.ActiveCfg = Release|Any CPU
		{0223093A-0E67-4896-AA41-CAB6765DC748}.Release|Any CPU.Build.0 = Release|Any CPU
		{CFBF103F-A847-4A4E-8156-5009C2BF89EB}.Debug|Any CPU.ActiveCfg = Debug|Any CPU
		{CFBF103F-A847-4A4E-8156-5009C2BF89EB}.Debug|Any CPU.Build.0 = Debug|Any CPU
		{CFBF103F-A847-4A4E-8156-5009C2BF89EB}.Release|Any CPU.ActiveCfg = Release|Any CPU
		{CFBF103F-A847-4A4E-8156-5009C2BF89EB}.Release|Any CPU.Build.0 = Release|Any CPU
		{95AF2FBB-0DF8-4F6E-B94C-CE16DC4E713E}.Debug|Any CPU.ActiveCfg = Debug|Any CPU
		{95AF2FBB-0DF8-4F6E-B94C-CE16DC4E713E}.Debug|Any CPU.Build.0 = Debug|Any CPU
		{95AF2FBB-0DF8-4F6E-B94C-CE16DC4E713E}.Release|Any CPU.ActiveCfg = Release|Any CPU
		{95AF2FBB-0DF8-4F6E-B94C-CE16DC4E713E}.Release|Any CPU.Build.0 = Release|Any CPU
		{31D6B587-A571-48C7-A9F4-A45A144DE355}.Debug|Any CPU.ActiveCfg = Debug|Any CPU
		{31D6B587-A571-48C7-A9F4-A45A144DE355}.Debug|Any CPU.Build.0 = Debug|Any CPU
		{31D6B587-A571-48C7-A9F4-A45A144DE355}.Release|Any CPU.ActiveCfg = Release|Any CPU
		{31D6B587-A571-48C7-A9F4-A45A144DE355}.Release|Any CPU.Build.0 = Release|Any CPU
		{BDEE2949-8CDE-4287-B0DA-C14AA0CF1AD1}.Debug|Any CPU.ActiveCfg = Debug|Any CPU
		{BDEE2949-8CDE-4287-B0DA-C14AA0CF1AD1}.Debug|Any CPU.Build.0 = Debug|Any CPU
		{BDEE2949-8CDE-4287-B0DA-C14AA0CF1AD1}.Release|Any CPU.ActiveCfg = Release|Any CPU
		{BDEE2949-8CDE-4287-B0DA-C14AA0CF1AD1}.Release|Any CPU.Build.0 = Release|Any CPU
		{8CE1461C-F211-4364-B74D-5FA93C884E01}.Debug|Any CPU.ActiveCfg = Debug|Any CPU
		{8CE1461C-F211-4364-B74D-5FA93C884E01}.Debug|Any CPU.Build.0 = Debug|Any CPU
		{8CE1461C-F211-4364-B74D-5FA93C884E01}.Release|Any CPU.ActiveCfg = Release|Any CPU
		{8CE1461C-F211-4364-B74D-5FA93C884E01}.Release|Any CPU.Build.0 = Release|Any CPU
		{C0B54CD1-9DFA-4066-AAA8-7DA428D42369}.Debug|Any CPU.ActiveCfg = Debug|Any CPU
		{C0B54CD1-9DFA-4066-AAA8-7DA428D42369}.Debug|Any CPU.Build.0 = Debug|Any CPU
		{C0B54CD1-9DFA-4066-AAA8-7DA428D42369}.Release|Any CPU.ActiveCfg = Release|Any CPU
		{C0B54CD1-9DFA-4066-AAA8-7DA428D42369}.Release|Any CPU.Build.0 = Release|Any CPU
		{D3CF896A-D653-41C7-9F86-E207DD011102}.Debug|Any CPU.ActiveCfg = Debug|Any CPU
		{D3CF896A-D653-41C7-9F86-E207DD011102}.Debug|Any CPU.Build.0 = Debug|Any CPU
		{D3CF896A-D653-41C7-9F86-E207DD011102}.Release|Any CPU.ActiveCfg = Release|Any CPU
		{D3CF896A-D653-41C7-9F86-E207DD011102}.Release|Any CPU.Build.0 = Release|Any CPU
		{A69F328B-8952-4E88-A512-690E7D2BCCC0}.Debug|Any CPU.ActiveCfg = Debug|Any CPU
		{A69F328B-8952-4E88-A512-690E7D2BCCC0}.Debug|Any CPU.Build.0 = Debug|Any CPU
		{A69F328B-8952-4E88-A512-690E7D2BCCC0}.Release|Any CPU.ActiveCfg = Release|Any CPU
		{A69F328B-8952-4E88-A512-690E7D2BCCC0}.Release|Any CPU.Build.0 = Release|Any CPU
		{98C75BEE-63AB-409B-8829-35A628CB2F9C}.Debug|Any CPU.ActiveCfg = Debug|Any CPU
		{98C75BEE-63AB-409B-8829-35A628CB2F9C}.Debug|Any CPU.Build.0 = Debug|Any CPU
		{98C75BEE-63AB-409B-8829-35A628CB2F9C}.Release|Any CPU.ActiveCfg = Release|Any CPU
		{98C75BEE-63AB-409B-8829-35A628CB2F9C}.Release|Any CPU.Build.0 = Release|Any CPU
		{DB38EBA1-DA22-4E58-9F13-C9260AD4148F}.Debug|Any CPU.ActiveCfg = Debug|Any CPU
		{DB38EBA1-DA22-4E58-9F13-C9260AD4148F}.Debug|Any CPU.Build.0 = Debug|Any CPU
		{DB38EBA1-DA22-4E58-9F13-C9260AD4148F}.Release|Any CPU.ActiveCfg = Release|Any CPU
		{DB38EBA1-DA22-4E58-9F13-C9260AD4148F}.Release|Any CPU.Build.0 = Release|Any CPU
		{E6963A33-7A58-4EF5-BAC9-DD370D607952}.Debug|Any CPU.ActiveCfg = Debug|Any CPU
		{E6963A33-7A58-4EF5-BAC9-DD370D607952}.Debug|Any CPU.Build.0 = Debug|Any CPU
		{E6963A33-7A58-4EF5-BAC9-DD370D607952}.Release|Any CPU.ActiveCfg = Release|Any CPU
		{E6963A33-7A58-4EF5-BAC9-DD370D607952}.Release|Any CPU.Build.0 = Release|Any CPU
		{B78AB4A4-B9C3-4342-AA13-18DB96E9B2F1}.Debug|Any CPU.ActiveCfg = Debug|Any CPU
		{B78AB4A4-B9C3-4342-AA13-18DB96E9B2F1}.Debug|Any CPU.Build.0 = Debug|Any CPU
		{B78AB4A4-B9C3-4342-AA13-18DB96E9B2F1}.Release|Any CPU.ActiveCfg = Release|Any CPU
		{B78AB4A4-B9C3-4342-AA13-18DB96E9B2F1}.Release|Any CPU.Build.0 = Release|Any CPU
		{59574114-E006-406B-8BB7-B5B78E937751}.Debug|Any CPU.ActiveCfg = Debug|Any CPU
		{59574114-E006-406B-8BB7-B5B78E937751}.Debug|Any CPU.Build.0 = Debug|Any CPU
		{59574114-E006-406B-8BB7-B5B78E937751}.Release|Any CPU.ActiveCfg = Release|Any CPU
		{59574114-E006-406B-8BB7-B5B78E937751}.Release|Any CPU.Build.0 = Release|Any CPU
	EndGlobalSection
	GlobalSection(SolutionProperties) = preSolution
		HideSolutionNode = FALSE
	EndGlobalSection
	GlobalSection(NestedProjects) = preSolution
		{0223093A-0E67-4896-AA41-CAB6765DC748} = {85453343-FEB3-414E-B5C1-BDFB147D11BC}
		{CFBF103F-A847-4A4E-8156-5009C2BF89EB} = {85453343-FEB3-414E-B5C1-BDFB147D11BC}
		{95AF2FBB-0DF8-4F6E-B94C-CE16DC4E713E} = {85453343-FEB3-414E-B5C1-BDFB147D11BC}
		{31D6B587-A571-48C7-A9F4-A45A144DE355} = {F8D02502-E39F-4083-BC8E-64511F2E7B1B}
		{BDEE2949-8CDE-4287-B0DA-C14AA0CF1AD1} = {D7EFA80A-B491-47C4-A79A-278EAFEDA8E2}
		{8CE1461C-F211-4364-B74D-5FA93C884E01} = {D7EFA80A-B491-47C4-A79A-278EAFEDA8E2}
		{C0B54CD1-9DFA-4066-AAA8-7DA428D42369} = {38EEEB4B-4C34-4A78-B027-883E3C44A6F7}
		{D3CF896A-D653-41C7-9F86-E207DD011102} = {061A4384-56F5-48D6-8B87-32D673545483}
		{1B1D18F3-42F9-411C-B711-10477958802D} = {F8D02502-E39F-4083-BC8E-64511F2E7B1B}
		{A69F328B-8952-4E88-A512-690E7D2BCCC0} = {A169CA4B-90F2-4924-806E-5073D4D69995}
		{A169CA4B-90F2-4924-806E-5073D4D69995} = {1B1D18F3-42F9-411C-B711-10477958802D}
		{D7EFA80A-B491-47C4-A79A-278EAFEDA8E2} = {1B1D18F3-42F9-411C-B711-10477958802D}
		{85453343-FEB3-414E-B5C1-BDFB147D11BC} = {F8D02502-E39F-4083-BC8E-64511F2E7B1B}
		{D09DF38C-7889-4926-899D-E5113AE34825} = {F8D02502-E39F-4083-BC8E-64511F2E7B1B}
		{98C75BEE-63AB-409B-8829-35A628CB2F9C} = {A169CA4B-90F2-4924-806E-5073D4D69995}
		{DB38EBA1-DA22-4E58-9F13-C9260AD4148F} = {A169CA4B-90F2-4924-806E-5073D4D69995}
		{061A4384-56F5-48D6-8B87-32D673545483} = {D09DF38C-7889-4926-899D-E5113AE34825}
		{38EEEB4B-4C34-4A78-B027-883E3C44A6F7} = {D09DF38C-7889-4926-899D-E5113AE34825}
		{E6963A33-7A58-4EF5-BAC9-DD370D607952} = {061A4384-56F5-48D6-8B87-32D673545483}
		{B78AB4A4-B9C3-4342-AA13-18DB96E9B2F1} = {061A4384-56F5-48D6-8B87-32D673545483}
		{59574114-E006-406B-8BB7-B5B78E937751} = {D7EFA80A-B491-47C4-A79A-278EAFEDA8E2}
	EndGlobalSection
	GlobalSection(ExtensibilityGlobals) = postSolution
		SolutionGuid = {3B74A1DE-7EB6-4A95-B215-E272E4EBF031}
	EndGlobalSection
EndGlobal
